
Microsoft Visual Studio Solution File, Format Version 12.00
# Visual Studio 15
VisualStudioVersion = 15.0.27130.2036
MinimumVisualStudioVersion = 10.0.40219.1
Project("{FAE04EC0-301F-11D3-BF4B-00C04F79EFBC}") = "OSCService", "CSTQSRService\OSCService.csproj", "{D1B410C0-BD54-498C-8D66-9C1CCBA694E1}"
EndProject
Project("{54435603-DBB4-11D2-8724-00A0C9A8B90C}") = "OneC Installer", "CSTQSR Installer\CSTQSR Installer.vdproj", "{01D79643-37BE-4E47-90A5-8BB772BE5028}"
EndProject
Global
	GlobalSection(SolutionConfigurationPlatforms) = preSolution
		Debug|Any CPU = Debug|Any CPU
		Release|Any CPU = Release|Any CPU
	EndGlobalSection
	GlobalSection(ProjectConfigurationPlatforms) = postSolution
		{D1B410C0-BD54-498C-8D66-9C1CCBA694E1}.Debug|Any CPU.ActiveCfg = Debug|Any CPU
		{D1B410C0-BD54-498C-8D66-9C1CCBA694E1}.Debug|Any CPU.Build.0 = Debug|Any CPU
		{D1B410C0-BD54-498C-8D66-9C1CCBA694E1}.Release|Any CPU.ActiveCfg = Release|Any CPU
		{D1B410C0-BD54-498C-8D66-9C1CCBA694E1}.Release|Any CPU.Build.0 = Release|Any CPU
		{01D79643-37BE-4E47-90A5-8BB772BE5028}.Debug|Any CPU.ActiveCfg = Debug
		{01D79643-37BE-4E47-90A5-8BB772BE5028}.Release|Any CPU.ActiveCfg = Release
	EndGlobalSection
	GlobalSection(SolutionProperties) = preSolution
		HideSolutionNode = FALSE
	EndGlobalSection
	GlobalSection(ExtensibilityGlobals) = postSolution
		SolutionGuid = {DBA5A133-8958-44D5-8CDD-64DD48EBC397}
	EndGlobalSection
	GlobalSection(TeamFoundationVersionControl) = preSolution
		SccNumberOfProjects = 3
		SccEnterpriseProvider = {4CA58AB2-18FA-4F8D-95D4-32DDF27D184C}
		SccTeamFoundationServer = https://onecuk.visualstudio.com/
		SccLocalPath0 = .
		SccProjectUniqueName1 = CSTQSR\u0020Installer\\CSTQSR\u0020Installer.vdproj
		SccProjectName1 = CSTQSR\u0020Installer
		SccLocalPath1 = CSTQSR\u0020Installer
		SccProjectUniqueName2 = CSTQSRService\\OSCService.csproj
		SccProjectName2 = CSTQSRService
		SccLocalPath2 = CSTQSRService
	EndGlobalSection
EndGlobal
